PODS:
  - ParserCombinator (0.1.0)

DEPENDENCIES:
  - ParserCombinator (from `https://github.com/BenchR267/ParserCombinator`, branch `master`)

EXTERNAL SOURCES:
  ParserCombinator:
    :branch: master
    :git: https://github.com/BenchR267/ParserCombinator

CHECKOUT OPTIONS:
  ParserCombinator:
    :commit: ab0a7f8b117abb8504eb85d0a85745f5e152b2c0
    :git: https://github.com/BenchR267/ParserCombinator

SPEC CHECKSUMS:
  ParserCombinator: 22ed3b687f6d001667526c62a668be96a0e53800

PODFILE CHECKSUM: aa9d8f9ae4493cf24c0ff7c860b204d5eacdebb1

COCOAPODS: 1.3.1
